
Microsoft Visual Studio Solution File, Format Version 12.00
# Visual Studio Version 16
VisualStudioVersion = 16.0.30517.126
MinimumVisualStudioVersion = 10.0.40219.1
Project("{FAE04EC0-301F-11D3-BF4B-00C04F79EFBC}") = "DAL", "GIBDD\DAL.csproj", "{015E3ED0-0D70-47B6-A790-25716E30876E}"
EndProject
Project("{FAE04EC0-301F-11D3-BF4B-00C04F79EFBC}") = "PL", "PL\PL.csproj", "{546CCB94-DCF2-4E63-BED9-51B213A9C129}"
EndProject
Global
	GlobalSection(SolutionConfigurationPlatforms) = preSolution
		Debug|Any CPU = Debug|Any CPU
		Release|Any CPU = Release|Any CPU
	EndGlobalSection
	GlobalSection(ProjectConfigurationPlatforms) = postSolution
		{015E3ED0-0D70-47B6-A790-25716E30876E}.Debug|Any CPU.ActiveCfg = Debug|Any CPU
		{015E3ED0-0D70-47B6-A790-25716E30876E}.Debug|Any CPU.Build.0 = Debug|Any CPU
		{015E3ED0-0D70-47B6-A790-25716E30876E}.Release|Any CPU.ActiveCfg = Release|Any CPU
		{015E3ED0-0D70-47B6-A790-25716E30876E}.Release|Any CPU.Build.0 = Release|Any CPU
		{546CCB94-DCF2-4E63-BED9-51B213A9C129}.Debug|Any CPU.ActiveCfg = Debug|Any CPU
		{546CCB94-DCF2-4E63-BED9-51B213A9C129}.Debug|Any CPU.Build.0 = Debug|Any CPU
		{546CCB94-DCF2-4E63-BED9-51B213A9C129}.Release|Any CPU.ActiveCfg = Release|Any CPU
		{546CCB94-DCF2-4E63-BED9-51B213A9C129}.Release|Any CPU.Build.0 = Release|Any CPU
	EndGlobalSection
	GlobalSection(SolutionProperties) = preSolution
		HideSolutionNode = FALSE
	EndGlobalSection
	GlobalSection(ExtensibilityGlobals) = postSolution
		SolutionGuid = {D3A51C04-E57E-4BDE-93DC-A43AC14EDBDB}
	EndGlobalSection
EndGlobal
